
Microsoft Visual Studio Solution File, Format Version 12.00
# Visual Studio 2013
VisualStudioVersion = 12.0.21005.1
MinimumVisualStudioVersion = 10.0.40219.1
Project("{E24C65DC-7377-472B-9ABA-BC803B73C61A}") = "RecruitmentSystem(2)", "http://localhost:49715", "{2D2ED561-58DD-4509-9273-E3AA4184F17F}"
	ProjectSection(WebsiteProperties) = preProject
		UseIISExpress = "true"
		TargetFrameworkMoniker = ".NETFramework,Version%3Dv4.5"
		Debug.AspNetCompiler.VirtualPath = "/localhost_49715"
		Debug.AspNetCompiler.PhysicalPath = "..\RecruitmentSystem\"
		Debug.AspNetCompiler.TargetPath = "PrecompiledWeb\localhost_49715\"
		Debug.AspNetCompiler.Updateable = "true"
		Debug.AspNetCompiler.ForceOverwrite = "true"
		Debug.AspNetCompiler.FixedNames = "false"
		Debug.AspNetCompiler.Debug = "True"
		Release.AspNetCompiler.VirtualPath = "/localhost_49715"
		Release.AspNetCompiler.PhysicalPath = "..\RecruitmentSystem\"
		Release.AspNetCompiler.TargetPath = "PrecompiledWeb\localhost_49715\"
		Release.AspNetCompiler.Updateable = "true"
		Release.AspNetCompiler.ForceOverwrite = "true"
		Release.AspNetCompiler.FixedNames = "false"
		Release.AspNetCompiler.Debug = "False"
		SlnRelativePath = "..\RecruitmentSystem\"
	EndProjectSection
EndProject
Global
	GlobalSection(SolutionConfigurationPlatforms) = preSolution
		Debug|Any CPU = Debug|Any CPU
	EndGlobalSection
	GlobalSection(ProjectConfigurationPlatforms) = postSolution
		{2D2ED561-58DD-4509-9273-E3AA4184F17F}.Debug|Any CPU.ActiveCfg = Debug|Any CPU
		{2D2ED561-58DD-4509-9273-E3AA4184F17F}.Debug|Any CPU.Build.0 = Debug|Any CPU
	EndGlobalSection
	GlobalSection(SolutionProperties) = preSolution
		HideSolutionNode = FALSE
	EndGlobalSection
EndGlobal
